
Microsoft Visual Studio Solution File, Format Version 12.00
# Visual Studio Version 17
VisualStudioVersion = 17.4.33122.133
MinimumVisualStudioVersion = 10.0.40219.1
Project("{FAE04EC0-301F-11D3-BF4B-00C04F79EFBC}") = "WpfButtonIcon", "WpfButtonIcon.csproj", "{256FE77A-8527-4A4F-8510-CA582B6D4B6F}"
EndProject
Global
	GlobalSection(SolutionConfigurationPlatforms) = preSolution
		Debug|Any CPU = Debug|Any CPU
		Release|Any CPU = Release|Any CPU
	EndGlobalSection
	GlobalSection(ProjectConfigurationPlatforms) = postSolution
		{256FE77A-8527-4A4F-8510-CA582B6D4B6F}.Debug|Any CPU.ActiveCfg = Debug|Any CPU
		{256FE77A-8527-4A4F-8510-CA582B6D4B6F}.Debug|Any CPU.Build.0 = Debug|Any CPU
		{256FE77A-8527-4A4F-8510-CA582B6D4B6F}.Release|Any CPU.ActiveCfg = Release|Any CPU
		{256FE77A-8527-4A4F-8510-CA582B6D4B6F}.Release|Any CPU.Build.0 = Release|Any CPU
	EndGlobalSection
	GlobalSection(SolutionProperties) = preSolution
		HideSolutionNode = FALSE
	EndGlobalSection
	GlobalSection(ExtensibilityGlobals) = postSolution
		SolutionGuid = {FFCD0A4A-EB42-4AD4-AD6B-84AEC74DB7AA}
	EndGlobalSection
EndGlobal
