
Microsoft Visual Studio Solution File, Format Version 12.00
# Visual Studio Version 17
VisualStudioVersion = 17.4.33122.133
MinimumVisualStudioVersion = 10.0.40219.1
Project("{9A19103F-16F7-4668-BE54-9A1E7A4F7556}") = "WpfButtonIcon", "WpfButtonIcon\WpfButtonIcon.csproj", "{256FE77A-8527-4A4F-8510-CA582B6D4B6F}"
EndProject
Project("{FAE04EC0-301F-11D3-BF4B-00C04F79EFBC}") = "Thinva.WpfButtons", "Thinva.WpfButtons\Thinva.WpfButtons.csproj", "{13F60A8E-40F5-41C6-BD7B-D4DC29752AE3}"
EndProject
Global
	GlobalSection(SolutionConfigurationPlatforms) = preSolution
		Debug|Any CPU = Debug|Any CPU
		Release|Any CPU = Release|Any CPU
	EndGlobalSection
	GlobalSection(ProjectConfigurationPlatforms) = postSolution
		{256FE77A-8527-4A4F-8510-CA582B6D4B6F}.Debug|Any CPU.ActiveCfg = Debug|Any CPU
		{256FE77A-8527-4A4F-8510-CA582B6D4B6F}.Debug|Any CPU.Build.0 = Debug|Any CPU
		{256FE77A-8527-4A4F-8510-CA582B6D4B6F}.Release|Any CPU.ActiveCfg = Release|Any CPU
		{256FE77A-8527-4A4F-8510-CA582B6D4B6F}.Release|Any CPU.Build.0 = Release|Any CPU
		{13F60A8E-40F5-41C6-BD7B-D4DC29752AE3}.Debug|Any CPU.ActiveCfg = Debug|Any CPU
		{13F60A8E-40F5-41C6-BD7B-D4DC29752AE3}.Debug|Any CPU.Build.0 = Debug|Any CPU
		{13F60A8E-40F5-41C6-BD7B-D4DC29752AE3}.Release|Any CPU.ActiveCfg = Release|Any CPU
		{13F60A8E-40F5-41C6-BD7B-D4DC29752AE3}.Release|Any CPU.Build.0 = Release|Any CPU
	EndGlobalSection
	GlobalSection(SolutionProperties) = preSolution
		HideSolutionNode = FALSE
	EndGlobalSection
	GlobalSection(ExtensibilityGlobals) = postSolution
		SolutionGuid = {FFCD0A4A-EB42-4AD4-AD6B-84AEC74DB7AA}
	EndGlobalSection
EndGlobal
